{
  "name": "app",
  "version": "1.0.0",
  "lockfileVersion": 2,
  "requires": true,
  "packages": {
    "": {
      "name": "app",
      "version": "1.0.0",
      "license": "ISC",
      "dependencies": {
        "my-button-149": "^0.0.1"
      }
    },
    "node_modules/my-button-149": {
      "version": "0.0.1",
      "resolved": "https://registry.npmjs.org/my-button-149/-/my-button-149-0.0.1.tgz",
      "integrity": "sha512-mYzXugf87ovEesZwgn/5Wcu06rRKObzQXYyYZ6a3swOuf4KutBuGhv5hgiBwqrKkaDKkwGzrHXCcv+2ab9prDQ=="
    }
  },
  "dependencies": {
    "my-button-149": {
      "version": "0.0.1",
      "resolved": "https://registry.npmjs.org/my-button-149/-/my-button-149-0.0.1.tgz",
      "integrity": "sha512-mYzXugf87ovEesZwgn/5Wcu06rRKObzQXYyYZ6a3swOuf4KutBuGhv5hgiBwqrKkaDKkwGzrHXCcv+2ab9prDQ=="
    }
  }
}
